{
  "name": "react-darkroom-tooltips",
  "version": "2.0.0",
  "lockfileVersion": 1,
  "requires": true,
  "dependencies": {
    "deepmerge": {
      "version": "1.5.0",
      "resolved": "https://registry.npmjs.org/deepmerge/-/deepmerge-1.5.0.tgz",
      "integrity": "sha512-Hm4+NyDQGgH3oYhKqR0gd99veBBZpnEUNoEfFl+3PRkQL+LKGJEBgqimeofAWzUn6aBzcaYPJrRigto/WfDzTg=="
    }
  }
}
